
Microsoft Visual Studio Solution File, Format Version 12.00
# Visual Studio 15
VisualStudioVersion = 15.0.28010.2048
MinimumVisualStudioVersion = 10.0.40219.1
Project("{FAE04EC0-301F-11D3-BF4B-00C04F79EFBC}") = "Task4", "Task4\Task4.csproj", "{50E0E46B-D8A0-4404-9258-2A94466A91B3}"
EndProject
Project("{FAE04EC0-301F-11D3-BF4B-00C04F79EFBC}") = "ClassLibrary", "ClassLibrary\ClassLibrary.csproj", "{DC203354-F050-47B3-9FDB-782AF705B68D}"
EndProject
Global
	GlobalSection(SolutionConfigurationPlatforms) = preSolution
		Debug|Any CPU = Debug|Any CPU
		Release|Any CPU = Release|Any CPU
	EndGlobalSection
	GlobalSection(ProjectConfigurationPlatforms) = postSolution
		{50E0E46B-D8A0-4404-9258-2A94466A91B3}.Debug|Any CPU.ActiveCfg = Debug|Any CPU
		{50E0E46B-D8A0-4404-9258-2A94466A91B3}.Debug|Any CPU.Build.0 = Debug|Any CPU
		{50E0E46B-D8A0-4404-9258-2A94466A91B3}.Release|Any CPU.ActiveCfg = Release|Any CPU
		{50E0E46B-D8A0-4404-9258-2A94466A91B3}.Release|Any CPU.Build.0 = Release|Any CPU
		{DC203354-F050-47B3-9FDB-782AF705B68D}.Debug|Any CPU.ActiveCfg = Debug|Any CPU
		{DC203354-F050-47B3-9FDB-782AF705B68D}.Debug|Any CPU.Build.0 = Debug|Any CPU
		{DC203354-F050-47B3-9FDB-782AF705B68D}.Release|Any CPU.ActiveCfg = Release|Any CPU
		{DC203354-F050-47B3-9FDB-782AF705B68D}.Release|Any CPU.Build.0 = Release|Any CPU
	EndGlobalSection
	GlobalSection(SolutionProperties) = preSolution
		HideSolutionNode = FALSE
	EndGlobalSection
	GlobalSection(ExtensibilityGlobals) = postSolution
		SolutionGuid = {BBFB9A8F-F326-4AA4-805E-805D7763E9A7}
	EndGlobalSection
EndGlobal
